
Microsoft Visual Studio Solution File, Format Version 12.00
# Visual Studio 15
Project("{FAE04EC0-301F-11D3-BF4B-00C04F79EFBC}") = "SZTE TTIK Unity Course", "Assembly-CSharp.csproj", "{BB5AD331-87F8-C46B-61B3-9D136FA984FB}"
EndProject
Global
	GlobalSection(SolutionConfigurationPlatforms) = preSolution
		Debug|Any CPU = Debug|Any CPU
		Release|Any CPU = Release|Any CPU
	EndGlobalSection
	GlobalSection(ProjectConfigurationPlatforms) = postSolution
		{BB5AD331-87F8-C46B-61B3-9D136FA984FB}.Debug|Any CPU.ActiveCfg = Debug|Any CPU
		{BB5AD331-87F8-C46B-61B3-9D136FA984FB}.Debug|Any CPU.Build.0 = Debug|Any CPU
		{BB5AD331-87F8-C46B-61B3-9D136FA984FB}.Release|Any CPU.ActiveCfg = Release|Any CPU
		{BB5AD331-87F8-C46B-61B3-9D136FA984FB}.Release|Any CPU.Build.0 = Release|Any CPU
	EndGlobalSection
	GlobalSection(SolutionProperties) = preSolution
		HideSolutionNode = FALSE
	EndGlobalSection
EndGlobal
